github.com/fakefloordiv/indigo v0.0.0-20220901130817-5342eb418dad h1:z9G0yoZ2DBsSvh/aNIKb2Erj/4TiwsO7wOshTarc87s=
github.com/fakefloordiv/indigo v0.0.0-20220901183900-4e62fbaf2ef0 h1:oSzXoHEQ41MPfFHk7qr6EuNIU7g3M/6AwrzMS+tarDM=
github.com/fakefloordiv/indigo v0.0.0-20220901183900-4e62fbaf2ef0/go.mod h1:97QVv1agJrxSeHZ7DZOOk5PszoOxtkzSAE0RUJ3LEsw=
